<?xml version="1.0" encoding="UTF-8" standalone="yes" ?>
<CodeBlocks_project_file>
	<FileVersion major="1" minor="6" />
	<Project>
		<Option title="libMTPerfBase" />
		<Option pch_mode="2" />
		<Option compiler="gcc" />
		<Build>
			<Target title="Debug">
				<Option output="../built/MTPerfBase" prefix_auto="1" extension_auto="1" />
				<Option working_dir="" />
				<Option object_output="obj/Debug/" />
				<Option type="2" />
				<Option compiler="gcc" />
				<Option projectCompilerOptionsRelation="0" />
				<Option projectLinkerOptionsRelation="2" />
				<Compiler>
					<Add option="-std=c++11" />
					<Add option="-m32" />
					<Add directory="includes" />
				</Compiler>
				<Linker>
					<Add option="-m32" />
				</Linker>
			</Target>
			<Target title="Release">
				<Option output="../built/MTPerfBase" prefix_auto="1" extension_auto="1" />
				<Option working_dir="" />
				<Option object_output="obj/Release/" />
				<Option type="2" />
				<Option compiler="gcc" />
				<Compiler>
					<Add option="/O2" />
					<Add directory="include" />
				</Compiler>
			</Target>
		</Build>
		<Compiler>
			<Add option="-Wall" />
		</Compiler>
		<Unit filename="MTBase64.cpp" />
		<Unit filename="MTLog.cpp" />
		<Unit filename="MTPerfTask.cpp" />
		<Unit filename="MTPerfTaskUDP.cpp" />
		<Unit filename="MTPerfUtil.cpp" />
		<Unit filename="MTSockUtil.cpp" />
		<Unit filename="MTTask.cpp" />
		<Unit filename="MTTaskRunner.cpp" />
		<Unit filename="MTTimer.cpp" />
		<Unit filename="includes/Define.h" />
		<Unit filename="includes/MTBase64.h" />
		<Unit filename="includes/MTCrc32.h" />
		<Unit filename="includes/MTLog.h" />
		<Unit filename="includes/MTMD5.h" />
		<Unit filename="includes/MTPerf.h" />
		<Unit filename="includes/MTPerfTask.h" />
		<Unit filename="includes/MTPerfTaskUDP.h" />
		<Unit filename="includes/MTPerfUtil.h" />
		<Unit filename="includes/MTRTSP.h" />
		<Unit filename="includes/MTRTSPClient.h" />
		<Unit filename="includes/MTSockUtil.h" />
		<Unit filename="includes/MTTask.h" />
		<Unit filename="includes/MTTaskRunner.h" />
		<Unit filename="includes/MTTimer.h" />
		<Unit filename="includes/RTP.h" />
		<Extensions>
			<code_completion />
			<envvars />
			<debugger />
			<lib_finder disable_auto="1" />
		</Extensions>
	</Project>
</CodeBlocks_project_file>
