<?xml version="1.0" encoding="UTF-8" standalone="yes" ?>
<CodeBlocks_project_file>
	<FileVersion major="1" minor="6" />
	<Project>
		<Option title="libLive555" />
		<Option pch_mode="2" />
		<Option compiler="gcc" />
		<Build>
			<Target title="Debug">
				<Option output="bin/Debug/libLive555" prefix_auto="1" extension_auto="1" />
				<Option working_dir="" />
				<Option object_output="obj/Debug/" />
				<Option type="2" />
				<Option compiler="gcc" />
				<Option createDefFile="1" />
				<Compiler>
					<Add option="-g" />
					<Add directory="UsageEnvironment/include" />
					<Add directory="groupsock/include" />
					<Add directory="liveMedia/include" />
					<Add directory="BasicUsageEnvironment/include" />
				</Compiler>
				<Linker>
					<Add library="../third-party/libws2_32.a" />
				</Linker>
			</Target>
			<Target title="Release">
				<Option output="bin/Release/libLive555" prefix_auto="1" extension_auto="1" />
				<Option object_output="obj/Release/" />
				<Option type="1" />
				<Option compiler="gcc" />
				<Compiler>
					<Add option="-O2" />
				</Compiler>
				<Linker>
					<Add option="-s" />
				</Linker>
			</Target>
		</Build>
		<Compiler>
			<Add option="-Wall" />
			<Add option="-fexceptions" />
		</Compiler>
		<Unit filename="BasicUsageEnvironment/BasicHashTable.cpp" />
		<Unit filename="BasicUsageEnvironment/BasicTaskScheduler.cpp" />
		<Unit filename="BasicUsageEnvironment/BasicTaskScheduler0.cpp" />
		<Unit filename="BasicUsageEnvironment/BasicUsageEnvironment.cpp" />
		<Unit filename="BasicUsageEnvironment/BasicUsageEnvironment0.cpp" />
		<Unit filename="BasicUsageEnvironment/DelayQueue.cpp" />
		<Unit filename="BasicUsageEnvironment/include/BasicHashTable.hh" />
		<Unit filename="BasicUsageEnvironment/include/BasicUsageEnvironment.hh" />
		<Unit filename="BasicUsageEnvironment/include/BasicUsageEnvironment0.hh" />
		<Unit filename="BasicUsageEnvironment/include/BasicUsageEnvironment_version.hh" />
		<Unit filename="BasicUsageEnvironment/include/DelayQueue.hh" />
		<Unit filename="BasicUsageEnvironment/include/HandlerSet.hh" />
		<Unit filename="UsageEnvironment/HashTable.cpp" />
		<Unit filename="UsageEnvironment/UsageEnvironment.cpp" />
		<Unit filename="UsageEnvironment/include/Boolean.hh" />
		<Unit filename="UsageEnvironment/include/HashTable.hh" />
		<Unit filename="UsageEnvironment/include/UsageEnvironment.hh" />
		<Unit filename="UsageEnvironment/include/UsageEnvironment_version.hh" />
		<Unit filename="UsageEnvironment/include/strDup.hh" />
		<Unit filename="UsageEnvironment/strDup.cpp" />
		<Unit filename="groupsock/GroupEId.cpp" />
		<Unit filename="groupsock/Groupsock.cpp" />
		<Unit filename="groupsock/GroupsockHelper.cpp" />
		<Unit filename="groupsock/IOHandlers.cpp" />
		<Unit filename="groupsock/NetAddress.cpp" />
		<Unit filename="groupsock/NetInterface.cpp" />
		<Unit filename="groupsock/include/GroupEId.hh" />
		<Unit filename="groupsock/include/Groupsock.hh" />
		<Unit filename="groupsock/include/GroupsockHelper.hh" />
		<Unit filename="groupsock/include/IOHandlers.hh" />
		<Unit filename="groupsock/include/NetAddress.hh" />
		<Unit filename="groupsock/include/NetCommon.h" />
		<Unit filename="groupsock/include/NetInterface.hh" />
		<Unit filename="groupsock/include/TunnelEncaps.hh" />
		<Unit filename="groupsock/include/groupsock_version.hh" />
		<Unit filename="groupsock/inet.c">
			<Option compilerVar="CC" />
		</Unit>
		<Unit filename="liveMedia/AC3AudioFileServerMediaSubsession.cpp" />
		<Unit filename="liveMedia/AC3AudioRTPSink.cpp" />
		<Unit filename="liveMedia/AC3AudioRTPSource.cpp" />
		<Unit filename="liveMedia/AC3AudioStreamFramer.cpp" />
		<Unit filename="liveMedia/ADTSAudioFileServerMediaSubsession.cpp" />
		<Unit filename="liveMedia/ADTSAudioFileSource.cpp" />
		<Unit filename="liveMedia/AMRAudioFileServerMediaSubsession.cpp" />
		<Unit filename="liveMedia/AMRAudioFileSink.cpp" />
		<Unit filename="liveMedia/AMRAudioFileSource.cpp" />
		<Unit filename="liveMedia/AMRAudioRTPSink.cpp" />
		<Unit filename="liveMedia/AMRAudioRTPSource.cpp" />
		<Unit filename="liveMedia/AMRAudioSource.cpp" />
		<Unit filename="liveMedia/AVIFileSink.cpp" />
		<Unit filename="liveMedia/AudioInputDevice.cpp" />
		<Unit filename="liveMedia/AudioRTPSink.cpp" />
		<Unit filename="liveMedia/Base64.cpp" />
		<Unit filename="liveMedia/BasicUDPSink.cpp" />
		<Unit filename="liveMedia/BasicUDPSource.cpp" />
		<Unit filename="liveMedia/BitVector.cpp" />
		<Unit filename="liveMedia/ByteStreamFileSource.cpp" />
		<Unit filename="liveMedia/ByteStreamMemoryBufferSource.cpp" />
		<Unit filename="liveMedia/ByteStreamMultiFileSource.cpp" />
		<Unit filename="liveMedia/DVVideoFileServerMediaSubsession.cpp" />
		<Unit filename="liveMedia/DVVideoRTPSink.cpp" />
		<Unit filename="liveMedia/DVVideoRTPSource.cpp" />
		<Unit filename="liveMedia/DVVideoStreamFramer.cpp" />
		<Unit filename="liveMedia/DeviceSource.cpp" />
		<Unit filename="liveMedia/DigestAuthentication.cpp" />
		<Unit filename="liveMedia/EBMLNumber.cpp" />
		<Unit filename="liveMedia/EBMLNumber.hh" />
		<Unit filename="liveMedia/FileServerMediaSubsession.cpp" />
		<Unit filename="liveMedia/FileSink.cpp" />
		<Unit filename="liveMedia/FramedFileSource.cpp" />
		<Unit filename="liveMedia/FramedFilter.cpp" />
		<Unit filename="liveMedia/FramedSource.cpp" />
		<Unit filename="liveMedia/GSMAudioRTPSink.cpp" />
		<Unit filename="liveMedia/GenericMediaServer.cpp" />
		<Unit filename="liveMedia/H261VideoRTPSource.cpp" />
		<Unit filename="liveMedia/H263plusVideoFileServerMediaSubsession.cpp" />
		<Unit filename="liveMedia/H263plusVideoRTPSink.cpp" />
		<Unit filename="liveMedia/H263plusVideoRTPSource.cpp" />
		<Unit filename="liveMedia/H263plusVideoStreamFramer.cpp" />
		<Unit filename="liveMedia/H263plusVideoStreamParser.cpp" />
		<Unit filename="liveMedia/H263plusVideoStreamParser.hh" />
		<Unit filename="liveMedia/H264VideoFileServerMediaSubsession.cpp" />
		<Unit filename="liveMedia/H264VideoFileSink.cpp" />
		<Unit filename="liveMedia/H264VideoRTPSink.cpp" />
		<Unit filename="liveMedia/H264VideoRTPSource.cpp" />
		<Unit filename="liveMedia/H264VideoStreamDiscreteFramer.cpp" />
		<Unit filename="liveMedia/H264VideoStreamFramer.cpp" />
		<Unit filename="liveMedia/H264or5VideoFileSink.cpp" />
		<Unit filename="liveMedia/H264or5VideoRTPSink.cpp" />
		<Unit filename="liveMedia/H264or5VideoStreamDiscreteFramer.cpp" />
		<Unit filename="liveMedia/H264or5VideoStreamFramer.cpp" />
		<Unit filename="liveMedia/H265VideoFileServerMediaSubsession.cpp" />
		<Unit filename="liveMedia/H265VideoFileSink.cpp" />
		<Unit filename="liveMedia/H265VideoRTPSink.cpp" />
		<Unit filename="liveMedia/H265VideoRTPSource.cpp" />
		<Unit filename="liveMedia/H265VideoStreamDiscreteFramer.cpp" />
		<Unit filename="liveMedia/H265VideoStreamFramer.cpp" />
		<Unit filename="liveMedia/InputFile.cpp" />
		<Unit filename="liveMedia/JPEGVideoRTPSink.cpp" />
		<Unit filename="liveMedia/JPEGVideoRTPSource.cpp" />
		<Unit filename="liveMedia/JPEGVideoSource.cpp" />
		<Unit filename="liveMedia/Locale.cpp" />
		<Unit filename="liveMedia/MP3ADU.cpp" />
		<Unit filename="liveMedia/MP3ADURTPSink.cpp" />
		<Unit filename="liveMedia/MP3ADURTPSource.cpp" />
		<Unit filename="liveMedia/MP3ADUTranscoder.cpp" />
		<Unit filename="liveMedia/MP3ADUdescriptor.cpp" />
		<Unit filename="liveMedia/MP3ADUdescriptor.hh" />
		<Unit filename="liveMedia/MP3ADUinterleaving.cpp" />
		<Unit filename="liveMedia/MP3AudioFileServerMediaSubsession.cpp" />
		<Unit filename="liveMedia/MP3AudioMatroskaFileServerMediaSubsession.cpp" />
		<Unit filename="liveMedia/MP3AudioMatroskaFileServerMediaSubsession.hh" />
		<Unit filename="liveMedia/MP3FileSource.cpp" />
		<Unit filename="liveMedia/MP3Internals.cpp" />
		<Unit filename="liveMedia/MP3Internals.hh" />
		<Unit filename="liveMedia/MP3InternalsHuffman.cpp" />
		<Unit filename="liveMedia/MP3InternalsHuffman.hh" />
		<Unit filename="liveMedia/MP3InternalsHuffmanTable.cpp" />
		<Unit filename="liveMedia/MP3StreamState.cpp" />
		<Unit filename="liveMedia/MP3StreamState.hh" />
		<Unit filename="liveMedia/MP3Transcoder.cpp" />
		<Unit filename="liveMedia/MPEG1or2AudioRTPSink.cpp" />
		<Unit filename="liveMedia/MPEG1or2AudioRTPSource.cpp" />
		<Unit filename="liveMedia/MPEG1or2AudioStreamFramer.cpp" />
		<Unit filename="liveMedia/MPEG1or2Demux.cpp" />
		<Unit filename="liveMedia/MPEG1or2DemuxedElementaryStream.cpp" />
		<Unit filename="liveMedia/MPEG1or2DemuxedServerMediaSubsession.cpp" />
		<Unit filename="liveMedia/MPEG1or2FileServerDemux.cpp" />
		<Unit filename="liveMedia/MPEG1or2VideoFileServerMediaSubsession.cpp" />
		<Unit filename="liveMedia/MPEG1or2VideoRTPSink.cpp" />
		<Unit filename="liveMedia/MPEG1or2VideoRTPSource.cpp" />
		<Unit filename="liveMedia/MPEG1or2VideoStreamDiscreteFramer.cpp" />
		<Unit filename="liveMedia/MPEG1or2VideoStreamFramer.cpp" />
		<Unit filename="liveMedia/MPEG2IndexFromTransportStream.cpp" />
		<Unit filename="liveMedia/MPEG2TransportFileServerMediaSubsession.cpp" />
		<Unit filename="liveMedia/MPEG2TransportStreamAccumulator.cpp" />
		<Unit filename="liveMedia/MPEG2TransportStreamFramer.cpp" />
		<Unit filename="liveMedia/MPEG2TransportStreamFromESSource.cpp" />
		<Unit filename="liveMedia/MPEG2TransportStreamFromPESSource.cpp" />
		<Unit filename="liveMedia/MPEG2TransportStreamIndexFile.cpp" />
		<Unit filename="liveMedia/MPEG2TransportStreamMultiplexor.cpp" />
		<Unit filename="liveMedia/MPEG2TransportStreamTrickModeFilter.cpp" />
		<Unit filename="liveMedia/MPEG2TransportUDPServerMediaSubsession.cpp" />
		<Unit filename="liveMedia/MPEG4ESVideoRTPSink.cpp" />
		<Unit filename="liveMedia/MPEG4ESVideoRTPSource.cpp" />
		<Unit filename="liveMedia/MPEG4GenericRTPSink.cpp" />
		<Unit filename="liveMedia/MPEG4GenericRTPSource.cpp" />
		<Unit filename="liveMedia/MPEG4LATMAudioRTPSink.cpp" />
		<Unit filename="liveMedia/MPEG4LATMAudioRTPSource.cpp" />
		<Unit filename="liveMedia/MPEG4VideoFileServerMediaSubsession.cpp" />
		<Unit filename="liveMedia/MPEG4VideoStreamDiscreteFramer.cpp" />
		<Unit filename="liveMedia/MPEG4VideoStreamFramer.cpp" />
		<Unit filename="liveMedia/MPEGVideoStreamFramer.cpp" />
		<Unit filename="liveMedia/MPEGVideoStreamParser.cpp" />
		<Unit filename="liveMedia/MPEGVideoStreamParser.hh" />
		<Unit filename="liveMedia/MatroskaDemuxedTrack.cpp" />
		<Unit filename="liveMedia/MatroskaDemuxedTrack.hh" />
		<Unit filename="liveMedia/MatroskaFile.cpp" />
		<Unit filename="liveMedia/MatroskaFileParser.cpp" />
		<Unit filename="liveMedia/MatroskaFileParser.hh" />
		<Unit filename="liveMedia/MatroskaFileServerDemux.cpp" />
		<Unit filename="liveMedia/MatroskaFileServerMediaSubsession.cpp" />
		<Unit filename="liveMedia/MatroskaFileServerMediaSubsession.hh" />
		<Unit filename="liveMedia/Media.cpp" />
		<Unit filename="liveMedia/MediaSession.cpp" />
		<Unit filename="liveMedia/MediaSink.cpp" />
		<Unit filename="liveMedia/MediaSource.cpp" />
		<Unit filename="liveMedia/MultiFramedRTPSink.cpp" />
		<Unit filename="liveMedia/MultiFramedRTPSource.cpp" />
		<Unit filename="liveMedia/OggDemuxedTrack.cpp" />
		<Unit filename="liveMedia/OggDemuxedTrack.hh" />
		<Unit filename="liveMedia/OggFile.cpp" />
		<Unit filename="liveMedia/OggFileParser.cpp" />
		<Unit filename="liveMedia/OggFileParser.hh" />
		<Unit filename="liveMedia/OggFileServerDemux.cpp" />
		<Unit filename="liveMedia/OggFileServerMediaSubsession.cpp" />
		<Unit filename="liveMedia/OggFileServerMediaSubsession.hh" />
		<Unit filename="liveMedia/OggFileSink.cpp" />
		<Unit filename="liveMedia/OnDemandServerMediaSubsession.cpp" />
		<Unit filename="liveMedia/OutputFile.cpp" />
		<Unit filename="liveMedia/PassiveServerMediaSubsession.cpp" />
		<Unit filename="liveMedia/ProxyServerMediaSession.cpp" />
		<Unit filename="liveMedia/QCELPAudioRTPSource.cpp" />
		<Unit filename="liveMedia/QuickTimeFileSink.cpp" />
		<Unit filename="liveMedia/QuickTimeGenericRTPSource.cpp" />
		<Unit filename="liveMedia/RTCP.cpp" />
		<Unit filename="liveMedia/RTPInterface.cpp" />
		<Unit filename="liveMedia/RTPSink.cpp" />
		<Unit filename="liveMedia/RTPSource.cpp" />
		<Unit filename="liveMedia/RTSPClient.cpp" />
		<Unit filename="liveMedia/RTSPCommon.cpp" />
		<Unit filename="liveMedia/RTSPRegisterSender.cpp" />
		<Unit filename="liveMedia/RTSPServer.cpp" />
		<Unit filename="liveMedia/RTSPServerRegister.cpp" />
		<Unit filename="liveMedia/RTSPServerSupportingHTTPStreaming.cpp" />
		<Unit filename="liveMedia/SIPClient.cpp" />
		<Unit filename="liveMedia/ServerMediaSession.cpp" />
		<Unit filename="liveMedia/SimpleRTPSink.cpp" />
		<Unit filename="liveMedia/SimpleRTPSource.cpp" />
		<Unit filename="liveMedia/StreamParser.cpp" />
		<Unit filename="liveMedia/StreamParser.hh" />
		<Unit filename="liveMedia/StreamReplicator.cpp" />
		<Unit filename="liveMedia/T140TextRTPSink.cpp" />
		<Unit filename="liveMedia/TCPStreamSink.cpp" />
		<Unit filename="liveMedia/TextRTPSink.cpp" />
		<Unit filename="liveMedia/TheoraVideoRTPSink.cpp" />
		<Unit filename="liveMedia/TheoraVideoRTPSource.cpp" />
		<Unit filename="liveMedia/VP8VideoRTPSink.cpp" />
		<Unit filename="liveMedia/VP8VideoRTPSource.cpp" />
		<Unit filename="liveMedia/VP9VideoRTPSink.cpp" />
		<Unit filename="liveMedia/VP9VideoRTPSource.cpp" />
		<Unit filename="liveMedia/VideoRTPSink.cpp" />
		<Unit filename="liveMedia/VorbisAudioRTPSink.cpp" />
		<Unit filename="liveMedia/VorbisAudioRTPSource.cpp" />
		<Unit filename="liveMedia/WAVAudioFileServerMediaSubsession.cpp" />
		<Unit filename="liveMedia/WAVAudioFileSource.cpp" />
		<Unit filename="liveMedia/include/AC3AudioFileServerMediaSubsession.hh" />
		<Unit filename="liveMedia/include/AC3AudioRTPSink.hh" />
		<Unit filename="liveMedia/include/AC3AudioRTPSource.hh" />
		<Unit filename="liveMedia/include/AC3AudioStreamFramer.hh" />
		<Unit filename="liveMedia/include/ADTSAudioFileServerMediaSubsession.hh" />
		<Unit filename="liveMedia/include/ADTSAudioFileSource.hh" />
		<Unit filename="liveMedia/include/AMRAudioFileServerMediaSubsession.hh" />
		<Unit filename="liveMedia/include/AMRAudioFileSink.hh" />
		<Unit filename="liveMedia/include/AMRAudioFileSource.hh" />
		<Unit filename="liveMedia/include/AMRAudioRTPSink.hh" />
		<Unit filename="liveMedia/include/AMRAudioRTPSource.hh" />
		<Unit filename="liveMedia/include/AMRAudioSource.hh" />
		<Unit filename="liveMedia/include/AVIFileSink.hh" />
		<Unit filename="liveMedia/include/AudioInputDevice.hh" />
		<Unit filename="liveMedia/include/AudioRTPSink.hh" />
		<Unit filename="liveMedia/include/Base64.hh" />
		<Unit filename="liveMedia/include/BasicUDPSink.hh" />
		<Unit filename="liveMedia/include/BasicUDPSource.hh" />
		<Unit filename="liveMedia/include/BitVector.hh" />
		<Unit filename="liveMedia/include/ByteStreamFileSource.hh" />
		<Unit filename="liveMedia/include/ByteStreamMemoryBufferSource.hh" />
		<Unit filename="liveMedia/include/ByteStreamMultiFileSource.hh" />
		<Unit filename="liveMedia/include/DVVideoFileServerMediaSubsession.hh" />
		<Unit filename="liveMedia/include/DVVideoRTPSink.hh" />
		<Unit filename="liveMedia/include/DVVideoRTPSource.hh" />
		<Unit filename="liveMedia/include/DVVideoStreamFramer.hh" />
		<Unit filename="liveMedia/include/DeviceSource.hh" />
		<Unit filename="liveMedia/include/DigestAuthentication.hh" />
		<Unit filename="liveMedia/include/FileServerMediaSubsession.hh" />
		<Unit filename="liveMedia/include/FileSink.hh" />
		<Unit filename="liveMedia/include/FramedFileSource.hh" />
		<Unit filename="liveMedia/include/FramedFilter.hh" />
		<Unit filename="liveMedia/include/FramedSource.hh" />
		<Unit filename="liveMedia/include/GSMAudioRTPSink.hh" />
		<Unit filename="liveMedia/include/GenericMediaServer.hh" />
		<Unit filename="liveMedia/include/H261VideoRTPSource.hh" />
		<Unit filename="liveMedia/include/H263plusVideoFileServerMediaSubsession.hh" />
		<Unit filename="liveMedia/include/H263plusVideoRTPSink.hh" />
		<Unit filename="liveMedia/include/H263plusVideoRTPSource.hh" />
		<Unit filename="liveMedia/include/H263plusVideoStreamFramer.hh" />
		<Unit filename="liveMedia/include/H264VideoFileServerMediaSubsession.hh" />
		<Unit filename="liveMedia/include/H264VideoFileSink.hh" />
		<Unit filename="liveMedia/include/H264VideoRTPSink.hh" />
		<Unit filename="liveMedia/include/H264VideoRTPSource.hh" />
		<Unit filename="liveMedia/include/H264VideoStreamDiscreteFramer.hh" />
		<Unit filename="liveMedia/include/H264VideoStreamFramer.hh" />
		<Unit filename="liveMedia/include/H264or5VideoFileSink.hh" />
		<Unit filename="liveMedia/include/H264or5VideoRTPSink.hh" />
		<Unit filename="liveMedia/include/H264or5VideoStreamDiscreteFramer.hh" />
		<Unit filename="liveMedia/include/H264or5VideoStreamFramer.hh" />
		<Unit filename="liveMedia/include/H265VideoFileServerMediaSubsession.hh" />
		<Unit filename="liveMedia/include/H265VideoFileSink.hh" />
		<Unit filename="liveMedia/include/H265VideoRTPSink.hh" />
		<Unit filename="liveMedia/include/H265VideoRTPSource.hh" />
		<Unit filename="liveMedia/include/H265VideoStreamDiscreteFramer.hh" />
		<Unit filename="liveMedia/include/H265VideoStreamFramer.hh" />
		<Unit filename="liveMedia/include/InputFile.hh" />
		<Unit filename="liveMedia/include/JPEGVideoRTPSink.hh" />
		<Unit filename="liveMedia/include/JPEGVideoRTPSource.hh" />
		<Unit filename="liveMedia/include/JPEGVideoSource.hh" />
		<Unit filename="liveMedia/include/Locale.hh" />
		<Unit filename="liveMedia/include/MP3ADU.hh" />
		<Unit filename="liveMedia/include/MP3ADURTPSink.hh" />
		<Unit filename="liveMedia/include/MP3ADURTPSource.hh" />
		<Unit filename="liveMedia/include/MP3ADUTranscoder.hh" />
		<Unit filename="liveMedia/include/MP3ADUinterleaving.hh" />
		<Unit filename="liveMedia/include/MP3AudioFileServerMediaSubsession.hh" />
		<Unit filename="liveMedia/include/MP3FileSource.hh" />
		<Unit filename="liveMedia/include/MP3Transcoder.hh" />
		<Unit filename="liveMedia/include/MPEG1or2AudioRTPSink.hh" />
		<Unit filename="liveMedia/include/MPEG1or2AudioRTPSource.hh" />
		<Unit filename="liveMedia/include/MPEG1or2AudioStreamFramer.hh" />
		<Unit filename="liveMedia/include/MPEG1or2Demux.hh" />
		<Unit filename="liveMedia/include/MPEG1or2DemuxedElementaryStream.hh" />
		<Unit filename="liveMedia/include/MPEG1or2DemuxedServerMediaSubsession.hh" />
		<Unit filename="liveMedia/include/MPEG1or2FileServerDemux.hh" />
		<Unit filename="liveMedia/include/MPEG1or2VideoFileServerMediaSubsession.hh" />
		<Unit filename="liveMedia/include/MPEG1or2VideoRTPSink.hh" />
		<Unit filename="liveMedia/include/MPEG1or2VideoRTPSource.hh" />
		<Unit filename="liveMedia/include/MPEG1or2VideoStreamDiscreteFramer.hh" />
		<Unit filename="liveMedia/include/MPEG1or2VideoStreamFramer.hh" />
		<Unit filename="liveMedia/include/MPEG2IndexFromTransportStream.hh" />
		<Unit filename="liveMedia/include/MPEG2TransportFileServerMediaSubsession.hh" />
		<Unit filename="liveMedia/include/MPEG2TransportStreamAccumulator.hh" />
		<Unit filename="liveMedia/include/MPEG2TransportStreamFramer.hh" />
		<Unit filename="liveMedia/include/MPEG2TransportStreamFromESSource.hh" />
		<Unit filename="liveMedia/include/MPEG2TransportStreamFromPESSource.hh" />
		<Unit filename="liveMedia/include/MPEG2TransportStreamIndexFile.hh" />
		<Unit filename="liveMedia/include/MPEG2TransportStreamMultiplexor.hh" />
		<Unit filename="liveMedia/include/MPEG2TransportStreamTrickModeFilter.hh" />
		<Unit filename="liveMedia/include/MPEG2TransportUDPServerMediaSubsession.hh" />
		<Unit filename="liveMedia/include/MPEG4ESVideoRTPSink.hh" />
		<Unit filename="liveMedia/include/MPEG4ESVideoRTPSource.hh" />
		<Unit filename="liveMedia/include/MPEG4GenericRTPSink.hh" />
		<Unit filename="liveMedia/include/MPEG4GenericRTPSource.hh" />
		<Unit filename="liveMedia/include/MPEG4LATMAudioRTPSink.hh" />
		<Unit filename="liveMedia/include/MPEG4LATMAudioRTPSource.hh" />
		<Unit filename="liveMedia/include/MPEG4VideoFileServerMediaSubsession.hh" />
		<Unit filename="liveMedia/include/MPEG4VideoStreamDiscreteFramer.hh" />
		<Unit filename="liveMedia/include/MPEG4VideoStreamFramer.hh" />
		<Unit filename="liveMedia/include/MPEGVideoStreamFramer.hh" />
		<Unit filename="liveMedia/include/MatroskaFile.hh" />
		<Unit filename="liveMedia/include/MatroskaFileServerDemux.hh" />
		<Unit filename="liveMedia/include/Media.hh" />
		<Unit filename="liveMedia/include/MediaSession.hh" />
		<Unit filename="liveMedia/include/MediaSink.hh" />
		<Unit filename="liveMedia/include/MediaSource.hh" />
		<Unit filename="liveMedia/include/MediaTranscodingTable.hh" />
		<Unit filename="liveMedia/include/MultiFramedRTPSink.hh" />
		<Unit filename="liveMedia/include/MultiFramedRTPSource.hh" />
		<Unit filename="liveMedia/include/OggFile.hh" />
		<Unit filename="liveMedia/include/OggFileServerDemux.hh" />
		<Unit filename="liveMedia/include/OggFileSink.hh" />
		<Unit filename="liveMedia/include/OnDemandServerMediaSubsession.hh" />
		<Unit filename="liveMedia/include/OutputFile.hh" />
		<Unit filename="liveMedia/include/PassiveServerMediaSubsession.hh" />
		<Unit filename="liveMedia/include/ProxyServerMediaSession.hh" />
		<Unit filename="liveMedia/include/QCELPAudioRTPSource.hh" />
		<Unit filename="liveMedia/include/QuickTimeFileSink.hh" />
		<Unit filename="liveMedia/include/QuickTimeGenericRTPSource.hh" />
		<Unit filename="liveMedia/include/RTCP.hh" />
		<Unit filename="liveMedia/include/RTPInterface.hh" />
		<Unit filename="liveMedia/include/RTPSink.hh" />
		<Unit filename="liveMedia/include/RTPSource.hh" />
		<Unit filename="liveMedia/include/RTSPClient.hh" />
		<Unit filename="liveMedia/include/RTSPCommon.hh" />
		<Unit filename="liveMedia/include/RTSPRegisterSender.hh" />
		<Unit filename="liveMedia/include/RTSPServer.hh" />
		<Unit filename="liveMedia/include/RTSPServerSupportingHTTPStreaming.hh" />
		<Unit filename="liveMedia/include/SIPClient.hh" />
		<Unit filename="liveMedia/include/ServerMediaSession.hh" />
		<Unit filename="liveMedia/include/SimpleRTPSink.hh" />
		<Unit filename="liveMedia/include/SimpleRTPSource.hh" />
		<Unit filename="liveMedia/include/StreamReplicator.hh" />
		<Unit filename="liveMedia/include/T140TextRTPSink.hh" />
		<Unit filename="liveMedia/include/TCPStreamSink.hh" />
		<Unit filename="liveMedia/include/TextRTPSink.hh" />
		<Unit filename="liveMedia/include/TheoraVideoRTPSink.hh" />
		<Unit filename="liveMedia/include/TheoraVideoRTPSource.hh" />
		<Unit filename="liveMedia/include/VP8VideoRTPSink.hh" />
		<Unit filename="liveMedia/include/VP8VideoRTPSource.hh" />
		<Unit filename="liveMedia/include/VP9VideoRTPSink.hh" />
		<Unit filename="liveMedia/include/VP9VideoRTPSource.hh" />
		<Unit filename="liveMedia/include/VideoRTPSink.hh" />
		<Unit filename="liveMedia/include/VorbisAudioRTPSink.hh" />
		<Unit filename="liveMedia/include/VorbisAudioRTPSource.hh" />
		<Unit filename="liveMedia/include/WAVAudioFileServerMediaSubsession.hh" />
		<Unit filename="liveMedia/include/WAVAudioFileSource.hh" />
		<Unit filename="liveMedia/include/liveMedia.hh" />
		<Unit filename="liveMedia/include/liveMedia_version.hh" />
		<Unit filename="liveMedia/include/ourMD5.hh" />
		<Unit filename="liveMedia/include/uLawAudioFilter.hh" />
		<Unit filename="liveMedia/ourMD5.cpp" />
		<Unit filename="liveMedia/rtcp_from_spec.c">
			<Option compilerVar="CC" />
		</Unit>
		<Unit filename="liveMedia/rtcp_from_spec.h" />
		<Unit filename="liveMedia/uLawAudioFilter.cpp" />
		<Extensions>
			<code_completion />
			<envvars />
			<debugger />
			<lib_finder disable_auto="1" />
		</Extensions>
	</Project>
</CodeBlocks_project_file>
